
Microsoft Visual Studio Solution File, Format Version 12.00
# Visual Studio Version 16
VisualStudioVersion = 16.0.31313.79
MinimumVisualStudioVersion = 10.0.40219.1
Project("{FAE04EC0-301F-11D3-BF4B-00C04F79EFBC}") = "Avanade.SubTCSE.Projeto.Api", "Avanade.SubTCSE.Projeto.Api\Avanade.SubTCSE.Projeto.Api.csproj", "{B28D2EA7-6418-4506-AAA0-220A95122A16}"
EndProject
Global
	GlobalSection(SolutionConfigurationPlatforms) = preSolution
		Debug|Any CPU = Debug|Any CPU
		Release|Any CPU = Release|Any CPU
	EndGlobalSection
	GlobalSection(ProjectConfigurationPlatforms) = postSolution
		{B28D2EA7-6418-4506-AAA0-220A95122A16}.Debug|Any CPU.ActiveCfg = Debug|Any CPU
		{B28D2EA7-6418-4506-AAA0-220A95122A16}.Debug|Any CPU.Build.0 = Debug|Any CPU
		{B28D2EA7-6418-4506-AAA0-220A95122A16}.Release|Any CPU.ActiveCfg = Release|Any CPU
		{B28D2EA7-6418-4506-AAA0-220A95122A16}.Release|Any CPU.Build.0 = Release|Any CPU
	EndGlobalSection
	GlobalSection(SolutionProperties) = preSolution
		HideSolutionNode = FALSE
	EndGlobalSection
	GlobalSection(ExtensibilityGlobals) = postSolution
		SolutionGuid = {E9882323-4AFF-405A-90B4-49708F64511E}
	EndGlobalSection
EndGlobal
